
Microsoft Visual Studio Solution File, Format Version 12.00
# Visual Studio Version 17
VisualStudioVersion = 17.5.002.0
MinimumVisualStudioVersion = 10.0.40219.1
Project("{9A19103F-16F7-4668-BE54-9A1E7A4F7556}") = "Test1", "Test1.csproj", "{CAF7CCDE-5918-4D29-87E3-232EC534CCF1}"
EndProject
Global
	GlobalSection(SolutionConfigurationPlatforms) = preSolution
		Debug|Any CPU = Debug|Any CPU
		Release|Any CPU = Release|Any CPU
	EndGlobalSection
	GlobalSection(ProjectConfigurationPlatforms) = postSolution
		{CAF7CCDE-5918-4D29-87E3-232EC534CCF1}.Debug|Any CPU.ActiveCfg = Debug|Any CPU
		{CAF7CCDE-5918-4D29-87E3-232EC534CCF1}.Debug|Any CPU.Build.0 = Debug|Any CPU
		{CAF7CCDE-5918-4D29-87E3-232EC534CCF1}.Release|Any CPU.ActiveCfg = Release|Any CPU
		{CAF7CCDE-5918-4D29-87E3-232EC534CCF1}.Release|Any CPU.Build.0 = Release|Any CPU
	EndGlobalSection
	GlobalSection(SolutionProperties) = preSolution
		HideSolutionNode = FALSE
	EndGlobalSection
	GlobalSection(ExtensibilityGlobals) = postSolution
		SolutionGuid = {BE54193A-A8ED-4669-8706-D1196FF46141}
	EndGlobalSection
EndGlobal
